
Microsoft Visual Studio Solution File, Format Version 12.00
# Visual Studio 15
VisualStudioVersion = 15.0.27428.2043
MinimumVisualStudioVersion = 10.0.40219.1
Project("{FAE04EC0-301F-11D3-BF4B-00C04F79EFBC}") = "Zahlengenerator", "Zahlengenerator\Zahlengenerator.csproj", "{A996F84E-17D1-462A-9DD4-5CF13AFFA38F}"
EndProject
Global
	GlobalSection(SolutionConfigurationPlatforms) = preSolution
		Debug|Any CPU = Debug|Any CPU
		Release|Any CPU = Release|Any CPU
	EndGlobalSection
	GlobalSection(ProjectConfigurationPlatforms) = postSolution
		{A996F84E-17D1-462A-9DD4-5CF13AFFA38F}.Debug|Any CPU.ActiveCfg = Debug|Any CPU
		{A996F84E-17D1-462A-9DD4-5CF13AFFA38F}.Debug|Any CPU.Build.0 = Debug|Any CPU
		{A996F84E-17D1-462A-9DD4-5CF13AFFA38F}.Release|Any CPU.ActiveCfg = Release|Any CPU
		{A996F84E-17D1-462A-9DD4-5CF13AFFA38F}.Release|Any CPU.Build.0 = Release|Any CPU
	EndGlobalSection
	GlobalSection(SolutionProperties) = preSolution
		HideSolutionNode = FALSE
	EndGlobalSection
	GlobalSection(ExtensibilityGlobals) = postSolution
		SolutionGuid = {BFD07D81-39A5-4FAA-954A-C60B7C670CF7}
	EndGlobalSection
EndGlobal
